
Microsoft Visual Studio Solution File, Format Version 12.00
# Visual Studio Version 17
VisualStudioVersion = 17.3.32901.215
MinimumVisualStudioVersion = 10.0.40219.1
Project("{FAE04EC0-301F-11D3-BF4B-00C04F79EFBC}") = "Подключение попытка 2", "Подключение попытка 2\Подключение попытка 2.csproj", "{8A340ADB-8AEF-46F8-8327-659179C4B095}"
EndProject
Global
	GlobalSection(SolutionConfigurationPlatforms) = preSolution
		Debug|Any CPU = Debug|Any CPU
		Release|Any CPU = Release|Any CPU
	EndGlobalSection
	GlobalSection(ProjectConfigurationPlatforms) = postSolution
		{8A340ADB-8AEF-46F8-8327-659179C4B095}.Debug|Any CPU.ActiveCfg = Debug|Any CPU
		{8A340ADB-8AEF-46F8-8327-659179C4B095}.Debug|Any CPU.Build.0 = Debug|Any CPU
		{8A340ADB-8AEF-46F8-8327-659179C4B095}.Release|Any CPU.ActiveCfg = Release|Any CPU
		{8A340ADB-8AEF-46F8-8327-659179C4B095}.Release|Any CPU.Build.0 = Release|Any CPU
	EndGlobalSection
	GlobalSection(SolutionProperties) = preSolution
		HideSolutionNode = FALSE
	EndGlobalSection
	GlobalSection(ExtensibilityGlobals) = postSolution
		SolutionGuid = {313F6B33-C3A5-4939-9D58-B7E99C3CFCF1}
	EndGlobalSection
EndGlobal
